{
 "graph_lock": {
  "nodes": {
   "0": {
    "options": "benchmark:enable_exceptions=True\nbenchmark:enable_lto=False\nbenchmark:fPIC=True\nbenchmark:shared=False\ngmp:disable_assembly=True\ngmp:enable_cxx=True\ngmp:fPIC=True\ngmp:run_checks=False\ngmp:shared=False\ngtest:build_gmock=True\ngtest:disable_pthreads=False\ngtest:fPIC=True\ngtest:hide_symbols=False\ngtest:no_main=False\ngtest:shared=False\nicu:dat_package_file=None\nicu:data_packaging=archive\nicu:fPIC=True\nicu:shared=False\nicu:with_dyload=True\nicu:with_extras=False\nicu:with_icuio=True\nmppp:fPIC=True\nmppp:shared=False\nmppp:with_arb=False\nmppp:with_boost=False\nmppp:with_fmt=False\nmppp:with_mpc=False\nmppp:with_mpfr=False\nmppp:with_quadmath=False\nrapidcheck:enable_catch=False\nrapidcheck:enable_gmock=False\nrapidcheck:enable_gtest=False\nrapidcheck:enable_rtti=True\nrapidcheck:fPIC=True\nrapidcheck:shared=False",
    "requires": [
     "1",
     "2",
     "4",
     "5",
     "6"
    ],
    "path": "../../../../../../conanfile.txt",
    "context": "host"
   },
   "1": {
    "ref": "rapidcheck/cci.20220514",
    "options": "enable_catch=False\nenable_gmock=False\nenable_gtest=False\nenable_rtti=True\nfPIC=True\nshared=False",
    "package_id": "2dbd88a46d33ca08d4d1098d8b439f343bed208d",
    "context": "host"
   },
   "2": {
    "ref": "mppp/0.27",
    "options": "fPIC=True\nshared=False\nwith_arb=False\nwith_boost=False\nwith_fmt=False\nwith_mpc=False\nwith_mpfr=False\nwith_quadmath=False\ngmp:disable_assembly=True\ngmp:enable_cxx=True\ngmp:fPIC=True\ngmp:run_checks=False\ngmp:shared=False",
    "package_id": "d34af8a37e85fe552a98f652c81ae053bc4d4f34",
    "requires": [
     "3"
    ],
    "context": "host"
   },
   "3": {
    "ref": "gmp/6.3.0",
    "options": "disable_assembly=True\nenable_cxx=True\nfPIC=True\nrun_checks=False\nshared=False",
    "package_id": "80eba286cdd99f2d01c5967b6415b7608e6c682f",
    "build_requires": [
     "8"
    ],
    "context": "host"
   },
   "4": {
    "ref": "gtest/1.14.0",
    "options": "build_gmock=True\ndisable_pthreads=False\nfPIC=True\nhide_symbols=False\nno_main=False\nshared=False",
    "package_id": "8b78bf42e448734de6c4ae6122a37cf9387b7d1b",
    "context": "host"
   },
   "5": {
    "ref": "benchmark/1.8.3",
    "options": "enable_exceptions=True\nenable_lto=False\nfPIC=True\nshared=False",
    "package_id": "67e10c412d6d2b4d3e921496f4516597de798f8e",
    "build_requires": [
     "7"
    ],
    "context": "host"
   },
   "6": {
    "ref": "icu/73.2",
    "options": "dat_package_file=None\ndata_packaging=archive\nfPIC=True\nshared=False\nwith_dyload=True\nwith_extras=False\nwith_icuio=True",
    "package_id": "3d5a21375d0b62f73304da1983a627955f89cc6c",
    "context": "host"
   },
   "7": {
    "ref": "cmake/3.27.7",
    "options": "",
    "package_id": "cc471ed355602ffa7007968c83aa4e7e648a38b5",
    "prev": "0",
    "context": "host"
   },
   "8": {
    "ref": "m4/1.4.19",
    "options": "",
    "package_id": "3eb32b976fb0626f3c40a8b87ace72156aa44204",
    "prev": "0",
    "context": "host"
   }
  },
  "revisions_enabled": false
 },
 "version": "0.4",
 "profile_host": "[settings]\narch=armv8\nbuild_type=Release\ncompiler=clang\ncompiler.libcxx=libc++\ncompiler.version=16\nos=Macos\n[options]\n[build_requires]\n[env]\nAR=/Users/roland/Documents/code/c++-test/buck-out/v2/gen/toolchains/213ed1b7ab869379/__conan-profile-macos-arm64__/AR\nAS=/Users/roland/Documents/code/c++-test/buck-out/v2/gen/toolchains/213ed1b7ab869379/__conan-profile-macos-arm64__/AS\nCC=/Users/roland/Documents/code/c++-test/buck-out/v2/gen/toolchains/213ed1b7ab869379/__conan-profile-macos-arm64__/CC\nCFLAGS=\nCMAKE_FIND_ROOT_PATH=\nCXX=/Users/roland/Documents/code/c++-test/buck-out/v2/gen/toolchains/213ed1b7ab869379/__conan-profile-macos-arm64__/CXX\nCXXFLAGS=\nNM=/Users/roland/Documents/code/c++-test/buck-out/v2/gen/toolchains/213ed1b7ab869379/__conan-profile-macos-arm64__/NM\nRANLIB=/Users/roland/Documents/code/c++-test/buck-out/v2/gen/toolchains/213ed1b7ab869379/__conan-profile-macos-arm64__/RANLIB\nSTRIP=/Users/roland/Documents/code/c++-test/buck-out/v2/gen/toolchains/213ed1b7ab869379/__conan-profile-macos-arm64__/STRIP"
}